// !$*UTF8*$!
{
	archiveVersion = 1;
	classes = {
	};
	objectVersion = 45;
	objects = {

/* Begin PBXBuildFile section */
		3CD7784E13F9FAE50061E1C4 /* libavcodec.a in Frameworks */ = {isa = PBXBuildFile; fileRef = 3CD7784913F9FAE50061E1C4 /* libavcodec.a */; };
		3CD7784F13F9FAE50061E1C4 /* libavdevice.a in Frameworks */ = {isa = PBXBuildFile; fileRef = 3CD7784A13F9FAE50061E1C4 /* libavdevice.a */; };
		3CD7785013F9FAE50061E1C4 /* libavformat.a in Frameworks */ = {isa = PBXBuildFile; fileRef = 3CD7784B13F9FAE50061E1C4 /* libavformat.a */; };
		3CD7785113F9FAE50061E1C4 /* libavutil.a in Frameworks */ = {isa = PBXBuildFile; fileRef = 3CD7784C13F9FAE50061E1C4 /* libavutil.a */; };
		3CD7785213F9FAE50061E1C4 /* libswscale.a in Frameworks */ = {isa = PBXBuildFile; fileRef = 3CD7784D13F9FAE50061E1C4 /* libswscale.a */; };
		AA747D9F0F9514B9006C5449 /* myH264VideoFrameExtrator_Prefix.pch in Headers */ = {isa = PBXBuildFile; fileRef = AA747D9E0F9514B9006C5449 /* myH264VideoFrameExtrator_Prefix.pch */; };
		AACBBE4A0F95108600F1A2B1 /* Foundation.framework in Frameworks */ = {isa = PBXBuildFile; fileRef = AACBBE490F95108600F1A2B1 /* Foundation.framework */; };
		C089241613D6C309007FD5ED /* myH264VideoFrameExtractor.h in Headers */ = {isa = PBXBuildFile; fileRef = C089240F13D6C309007FD5ED /* myH264VideoFrameExtractor.h */; };
		C089241713D6C309007FD5ED /* myH264VideoFrameExtractor.m in Sources */ = {isa = PBXBuildFile; fileRef = C089241013D6C309007FD5ED /* myH264VideoFrameExtractor.m */; };
/* End PBXBuildFile section */

/* Begin PBXFileReference section */
		3CD7784913F9FAE50061E1C4 /* libavcodec.a */ = {isa = PBXFileReference; lastKnownFileType = archive.ar; name = libavcodec.a; path = ../armv6/libavcodec.a; sourceTree = SOURCE_ROOT; };
		3CD7784A13F9FAE50061E1C4 /* libavdevice.a */ = {isa = PBXFileReference; lastKnownFileType = archive.ar; name = libavdevice.a; path = ../armv6/libavdevice.a; sourceTree = SOURCE_ROOT; };
		3CD7784B13F9FAE50061E1C4 /* libavformat.a */ = {isa = PBXFileReference; lastKnownFileType = archive.ar; name = libavformat.a; path = ../armv6/libavformat.a; sourceTree = SOURCE_ROOT; };
		3CD7784C13F9FAE50061E1C4 /* libavutil.a */ = {isa = PBXFileReference; lastKnownFileType = archive.ar; name = libavutil.a; path = ../armv6/libavutil.a; sourceTree = SOURCE_ROOT; };
		3CD7784D13F9FAE50061E1C4 /* libswscale.a */ = {isa = PBXFileReference; lastKnownFileType = archive.ar; name = libswscale.a; path = ../armv6/libswscale.a; sourceTree = SOURCE_ROOT; };
		AA747D9E0F9514B9006C5449 /* myH264VideoFrameExtrator_Prefix.pch */ = {isa = PBXFileReference; fileEncoding = 4; lastKnownFileType = sourcecode.c.h; path = myH264VideoFrameExtrator_Prefix.pch; sourceTree = SOURCE_ROOT; };
		AACBBE490F95108600F1A2B1 /* Foundation.framework */ = {isa = PBXFileReference; lastKnownFileType = wrapper.framework; name = Foundation.framework; path = System/Library/Frameworks/Foundation.framework; sourceTree = SDKROOT; };
		C089240F13D6C309007FD5ED /* myH264VideoFrameExtractor.h */ = {isa = PBXFileReference; fileEncoding = 4; lastKnownFileType = sourcecode.c.h; path = myH264VideoFrameExtractor.h; sourceTree = "<group>"; };
		C089241013D6C309007FD5ED /* myH264VideoFrameExtractor.m */ = {isa = PBXFileReference; fileEncoding = 4; lastKnownFileType = sourcecode.c.objc; path = myH264VideoFrameExtractor.m; sourceTree = "<group>"; };
		D2AAC07E0554694100DB518D /* libmyH264VideoFrameExtrator.a */ = {isa = PBXFileReference; explicitFileType = archive.ar; includeInIndex = 0; path = libmyH264VideoFrameExtrator.a; sourceTree = BUILT_PRODUCTS_DIR; };
/* End PBXFileReference section */

/* Begin PBXFrameworksBuildPhase section */
		D2AAC07C0554694100DB518D /* Frameworks */ = {
			isa = PBXFrameworksBuildPhase;
			buildActionMask = 2147483647;
			files = (
				AACBBE4A0F95108600F1A2B1 /* Foundation.framework in Frameworks */,
				3CD7784E13F9FAE50061E1C4 /* libavcodec.a in Frameworks */,
				3CD7784F13F9FAE50061E1C4 /* libavdevice.a in Frameworks */,
				3CD7785013F9FAE50061E1C4 /* libavformat.a in Frameworks */,
				3CD7785113F9FAE50061E1C4 /* libavutil.a in Frameworks */,
				3CD7785213F9FAE50061E1C4 /* libswscale.a in Frameworks */,
			);
			runOnlyForDeploymentPostprocessing = 0;
		};
/* End PBXFrameworksBuildPhase section */

/* Begin PBXGroup section */
		034768DFFF38A50411DB9C8B /* Products */ = {
			isa = PBXGroup;
			children = (
				D2AAC07E0554694100DB518D /* libmyH264VideoFrameExtrator.a */,
			);
			name = Products;
			sourceTree = "<group>";
		};
		0867D691FE84028FC02AAC07 /* myH264VideoFrameExtrator */ = {
			isa = PBXGroup;
			children = (
				08FB77AEFE84172EC02AAC07 /* Classes */,
				32C88DFF0371C24200C91783 /* Other Sources */,
				0867D69AFE84028FC02AAC07 /* Frameworks */,
				034768DFFF38A50411DB9C8B /* Products */,
			);
			name = myH264VideoFrameExtrator;
			sourceTree = "<group>";
		};
		0867D69AFE84028FC02AAC07 /* Frameworks */ = {
			isa = PBXGroup;
			children = (
				3CD7784913F9FAE50061E1C4 /* libavcodec.a */,
				3CD7784A13F9FAE50061E1C4 /* libavdevice.a */,
				3CD7784B13F9FAE50061E1C4 /* libavformat.a */,
				3CD7784C13F9FAE50061E1C4 /* libavutil.a */,
				3CD7784D13F9FAE50061E1C4 /* libswscale.a */,
				AACBBE490F95108600F1A2B1 /* Foundation.framework */,
			);
			name = Frameworks;
			sourceTree = "<group>";
		};
		08FB77AEFE84172EC02AAC07 /* Classes */ = {
			isa = PBXGroup;
			children = (
				C089240F13D6C309007FD5ED /* myH264VideoFrameExtractor.h */,
				C089241013D6C309007FD5ED /* myH264VideoFrameExtractor.m */,
			);
			name = Classes;
			sourceTree = "<group>";
		};
		32C88DFF0371C24200C91783 /* Other Sources */ = {
			isa = PBXGroup;
			children = (
				AA747D9E0F9514B9006C5449 /* myH264VideoFrameExtrator_Prefix.pch */,
			);
			name = "Other Sources";
			sourceTree = "<group>";
		};
/* End PBXGroup section */

/* Begin PBXHeadersBuildPhase section */
		D2AAC07A0554694100DB518D /* Headers */ = {
			isa = PBXHeadersBuildPhase;
			buildActionMask = 2147483647;
			files = (
				AA747D9F0F9514B9006C5449 /* myH264VideoFrameExtrator_Prefix.pch in Headers */,
				C089241613D6C309007FD5ED /* myH264VideoFrameExtractor.h in Headers */,
			);
			runOnlyForDeploymentPostprocessing = 0;
		};
/* End PBXHeadersBuildPhase section */

/* Begin PBXNativeTarget section */
		D2AAC07D0554694100DB518D /* myH264VideoFrameExtrator */ = {
			isa = PBXNativeTarget;
			buildConfigurationList = 1DEB921E08733DC00010E9CD /* Build configuration list for PBXNativeTarget "myH264VideoFrameExtrator" */;
			buildPhases = (
				D2AAC07A0554694100DB518D /* Headers */,
				D2AAC07B0554694100DB518D /* Sources */,
				D2AAC07C0554694100DB518D /* Frameworks */,
			);
			buildRules = (
			);
			dependencies = (
			);
			name = myH264VideoFrameExtrator;
			productName = myH264VideoFrameExtrator;
			productReference = D2AAC07E0554694100DB518D /* libmyH264VideoFrameExtrator.a */;
			productType = "com.apple.product-type.library.static";
		};
/* End PBXNativeTarget section */

/* Begin PBXProject section */
		0867D690FE84028FC02AAC07 /* Project object */ = {
			isa = PBXProject;
			buildConfigurationList = 1DEB922208733DC00010E9CD /* Build configuration list for PBXProject "myH264VideoFrameExtrator" */;
			compatibilityVersion = "Xcode 3.1";
			developmentRegion = English;
			hasScannedForEncodings = 1;
			knownRegions = (
				English,
				Japanese,
				French,
				German,
			);
			mainGroup = 0867D691FE84028FC02AAC07 /* myH264VideoFrameExtrator */;
			productRefGroup = 034768DFFF38A50411DB9C8B /* Products */;
			projectDirPath = "";
			projectRoot = "";
			targets = (
				D2AAC07D0554694100DB518D /* myH264VideoFrameExtrator */,
			);
		};
/* End PBXProject section */

/* Begin PBXSourcesBuildPhase section */
		D2AAC07B0554694100DB518D /* Sources */ = {
			isa = PBXSourcesBuildPhase;
			buildActionMask = 2147483647;
			files = (
				C089241713D6C309007FD5ED /* myH264VideoFrameExtractor.m in Sources */,
			);
			runOnlyForDeploymentPostprocessing = 0;
		};
/* End PBXSourcesBuildPhase section */

/* Begin XCBuildConfiguration section */
		1DEB921F08733DC00010E9CD /* Debug */ = {
			isa = XCBuildConfiguration;
			buildSettings = {
				ALWAYS_SEARCH_USER_PATHS = NO;
				ARCHS = "$(ARCHS_STANDARD_32_BIT)";
				COPY_PHASE_STRIP = NO;
				DSTROOT = /tmp/myH264VideoFrameExtrator.dst;
				GCC_DYNAMIC_NO_PIC = NO;
				GCC_ENABLE_FIX_AND_CONTINUE = YES;
				GCC_MODEL_TUNING = G5;
				GCC_OPTIMIZATION_LEVEL = 0;
				GCC_PRECOMPILE_PREFIX_HEADER = YES;
				GCC_PREFIX_HEADER = myH264VideoFrameExtrator_Prefix.pch;
				INSTALL_PATH = /usr/local/lib;
				LIBRARY_SEARCH_PATHS = (
					"$(inherited)",
					"\"$(SRCROOT)\"",
					"\"$(SRCROOT)/i386\"",
					"\"$(SRCROOT)/arm6\"",
					"\"$(SRCROOT)/armv6\"",
					"\"$(SRCROOT)/../armv6\"",
				);
				PRODUCT_NAME = myH264VideoFrameExtrator;
			};
			name = Debug;
		};
		1DEB922008733DC00010E9CD /* Release */ = {
			isa = XCBuildConfiguration;
			buildSettings = {
				ALWAYS_SEARCH_USER_PATHS = NO;
				ARCHS = "$(ARCHS_STANDARD_32_BIT)";
				DSTROOT = /tmp/myH264VideoFrameExtrator.dst;
				GCC_MODEL_TUNING = G5;
				GCC_PRECOMPILE_PREFIX_HEADER = YES;
				GCC_PREFIX_HEADER = myH264VideoFrameExtrator_Prefix.pch;
				INSTALL_PATH = /usr/local/lib;
				LIBRARY_SEARCH_PATHS = (
					"$(inherited)",
					"\"$(SRCROOT)\"",
					"\"$(SRCROOT)/i386\"",
					"\"$(SRCROOT)/arm6\"",
					"\"$(SRCROOT)/armv6\"",
					"\"$(SRCROOT)/../armv6\"",
				);
				PRODUCT_NAME = myH264VideoFrameExtrator;
			};
			name = Release;
		};
		1DEB922308733DC00010E9CD /* Debug */ = {
			isa = XCBuildConfiguration;
			buildSettings = {
				ARCHS = "$(ARCHS_STANDARD_32_BIT)";
				GCC_C_LANGUAGE_STANDARD = c99;
				GCC_OPTIMIZATION_LEVEL = 0;
				GCC_PREPROCESSOR_DEFINITIONS = (
					DEBUG_LOG,
					TEST_THREAD,
				);
				GCC_WARN_ABOUT_RETURN_TYPE = YES;
				GCC_WARN_UNUSED_VARIABLE = YES;
				HEADER_SEARCH_PATHS = ../ffmpeg;
				"LIBRARY_SEARCH_PATHS[sdk=iphoneos*][arch=*]" = armv6;
				"LIBRARY_SEARCH_PATHS[sdk=iphonesimulator*]" = i386;
				ONLY_ACTIVE_ARCH = YES;
				OTHER_LDFLAGS = "-ObjC";
				PREBINDING = NO;
				SDKROOT = iphoneos;
			};
			name = Debug;
		};
		1DEB922408733DC00010E9CD /* Release */ = {
			isa = XCBuildConfiguration;
			buildSettings = {
				ARCHS = "$(ARCHS_STANDARD_32_BIT)";
				GCC_C_LANGUAGE_STANDARD = c99;
				GCC_WARN_ABOUT_RETURN_TYPE = YES;
				GCC_WARN_UNUSED_VARIABLE = YES;
				HEADER_SEARCH_PATHS = ../ffmpeg;
				"LIBRARY_SEARCH_PATHS[sdk=iphoneos*][arch=*]" = armv6;
				"LIBRARY_SEARCH_PATHS[sdk=iphonesimulator*]" = i386;
				ONLY_ACTIVE_ARCH = YES;
				OTHER_LDFLAGS = "-ObjC";
				PREBINDING = NO;
				SDKROOT = iphoneos;
			};
			name = Release;
		};
/* End XCBuildConfiguration section */

/* Begin XCConfigurationList section */
		1DEB921E08733DC00010E9CD /* Build configuration list for PBXNativeTarget "myH264VideoFrameExtrator" */ = {
			isa = XCConfigurationList;
			buildConfigurations = (
				1DEB921F08733DC00010E9CD /* Debug */,
				1DEB922008733DC00010E9CD /* Release */,
			);
			defaultConfigurationIsVisible = 0;
			defaultConfigurationName = Release;
		};
		1DEB922208733DC00010E9CD /* Build configuration list for PBXProject "myH264VideoFrameExtrator" */ = {
			isa = XCConfigurationList;
			buildConfigurations = (
				1DEB922308733DC00010E9CD /* Debug */,
				1DEB922408733DC00010E9CD /* Release */,
			);
			defaultConfigurationIsVisible = 0;
			defaultConfigurationName = Release;
		};
/* End XCConfigurationList section */
	};
	rootObject = 0867D690FE84028FC02AAC07 /* Project object */;
}
